
Microsoft Visual Studio Solution File, Format Version 12.00
# Visual Studio Version 16
VisualStudioVersion = 16.0.33801.447
MinimumVisualStudioVersion = 10.0.40219.1
Project("{8BC9CEB8-8B4A-11D0-8D11-00A0C91BC942}") = "最大公约数与最小公因数之和", "最大公约数与最小公因数之和\最大公约数与最小公因数之和.vcxproj", "{F383BDCF-B7FB-482E-B071-A796C73C024D}"
EndProject
Global
	GlobalSection(SolutionConfigurationPlatforms) = preSolution
		Debug|x64 = Debug|x64
		Debug|x86 = Debug|x86
		Release|x64 = Release|x64
		Release|x86 = Release|x86
	EndGlobalSection
	GlobalSection(ProjectConfigurationPlatforms) = postSolution
		{F383BDCF-B7FB-482E-B071-A796C73C024D}.Debug|x64.ActiveCfg = Debug|x64
		{F383BDCF-B7FB-482E-B071-A796C73C024D}.Debug|x64.Build.0 = Debug|x64
		{F383BDCF-B7FB-482E-B071-A796C73C024D}.Debug|x86.ActiveCfg = Debug|Win32
		{F383BDCF-B7FB-482E-B071-A796C73C024D}.Debug|x86.Build.0 = Debug|Win32
		{F383BDCF-B7FB-482E-B071-A796C73C024D}.Release|x64.ActiveCfg = Release|x64
		{F383BDCF-B7FB-482E-B071-A796C73C024D}.Release|x64.Build.0 = Release|x64
		{F383BDCF-B7FB-482E-B071-A796C73C024D}.Release|x86.ActiveCfg = Release|Win32
		{F383BDCF-B7FB-482E-B071-A796C73C024D}.Release|x86.Build.0 = Release|Win32
	EndGlobalSection
	GlobalSection(SolutionProperties) = preSolution
		HideSolutionNode = FALSE
	EndGlobalSection
	GlobalSection(ExtensibilityGlobals) = postSolution
		SolutionGuid = {C8BE18C4-6517-4373-8500-0684F76E25AA}
	EndGlobalSection
EndGlobal
